
Microsoft Visual Studio Solution File, Format Version 12.00
# Visual Studio Version 17
VisualStudioVersion = 17.6.33723.286
MinimumVisualStudioVersion = 10.0.40219.1
Project("{2150E333-8FDC-42A3-9474-1A3956D46DE8}") = "Libraries", "Libraries", "{F2418F56-9620-4BA3-9078-D9732EC8DD48}"
EndProject
Project("{9A19103F-16F7-4668-BE54-9A1E7A4F7556}") = "ForeverNote.Core", "Libraries\ForeverNote.Core\ForeverNote.Core.csproj", "{B6301890-5E30-4429-8A92-F473974028F0}"
EndProject
Project("{9A19103F-16F7-4668-BE54-9A1E7A4F7556}") = "ForeverNote.Services", "Libraries\ForeverNote.Services\ForeverNote.Services.csproj", "{02F11DCE-20A2-45DC-B0E5-B7A0A2A45D54}"
EndProject
Project("{2150E333-8FDC-42A3-9474-1A3956D46DE8}") = "Solution Items", "Solution Items", "{E9E98CA6-9A8F-40AE-A0BC-F161C4237226}"
	ProjectSection(SolutionItems) = preProject
		.editorconfig = .editorconfig
	EndProjectSection
EndProject
Project("{2150E333-8FDC-42A3-9474-1A3956D46DE8}") = "Presentation", "Presentation", "{E4C90039-CE04-42BB-B58D-DDA45C605F68}"
EndProject
Project("{9A19103F-16F7-4668-BE54-9A1E7A4F7556}") = "ForeverNote.API", "Presentation\ForeverNote.API\ForeverNote.API.csproj", "{B2277065-CDD2-403C-B966-2F9A819BC3A7}"
EndProject
Project("{2150E333-8FDC-42A3-9474-1A3956D46DE8}") = "GrandNode", "GrandNode", "{DA5B3EB4-6634-4364-AD87-B8E9D6BE884F}"
EndProject
Project("{2150E333-8FDC-42A3-9474-1A3956D46DE8}") = "API", "API", "{87BEE6D8-AFA0-4605-B98A-6F629540171C}"
EndProject
Project("{2150E333-8FDC-42A3-9474-1A3956D46DE8}") = "Business", "Business", "{859A41C8-A352-49D3-9D44-C925A32E38E9}"
EndProject
Project("{2150E333-8FDC-42A3-9474-1A3956D46DE8}") = "Core", "Core", "{61261DC6-2E6D-4C77-B838-FD5C6DECC168}"
EndProject
Project("{2150E333-8FDC-42A3-9474-1A3956D46DE8}") = "Web", "Web", "{FAB18F2B-ED02-43C3-9B46-9F92E2169C51}"
EndProject
Project("{9A19103F-16F7-4668-BE54-9A1E7A4F7556}") = "Grand.Api", "grandnode2\src\API\Grand.Api\Grand.Api.csproj", "{03F2E0AD-C697-42D3-95C3-1AC544C16209}"
EndProject
Project("{9A19103F-16F7-4668-BE54-9A1E7A4F7556}") = "Grand.Business.Authentication", "grandnode2\src\Business\Grand.Business.Authentication\Grand.Business.Authentication.csproj", "{6C708CBD-7A6F-444B-9C6A-C1BE38AB060D}"
EndProject
Project("{9A19103F-16F7-4668-BE54-9A1E7A4F7556}") = "Grand.Business.Catalog", "grandnode2\src\Business\Grand.Business.Catalog\Grand.Business.Catalog.csproj", "{247039E2-6C06-4068-834C-13468FFD27E0}"
EndProject
Project("{9A19103F-16F7-4668-BE54-9A1E7A4F7556}") = "Grand.Business.Checkout", "grandnode2\src\Business\Grand.Business.Checkout\Grand.Business.Checkout.csproj", "{88C6F38A-EA3D-43E4-B33F-A481A07CB4B8}"
EndProject
Project("{9A19103F-16F7-4668-BE54-9A1E7A4F7556}") = "Grand.Business.Cms", "grandnode2\src\Business\Grand.Business.Cms\Grand.Business.Cms.csproj", "{DF1B8B6E-6A32-4A97-B999-385CACA1E2D0}"
EndProject
Project("{9A19103F-16F7-4668-BE54-9A1E7A4F7556}") = "Grand.Business.Common", "grandnode2\src\Business\Grand.Business.Common\Grand.Business.Common.csproj", "{95BC665E-5645-43D0-A5BF-BBC8D57CBBE0}"
EndProject
Project("{9A19103F-16F7-4668-BE54-9A1E7A4F7556}") = "Grand.Business.Core", "grandnode2\src\Business\Grand.Business.Core\Grand.Business.Core.csproj", "{BEA5A1E3-0269-42BD-A329-1AD38BEBC234}"
EndProject
Project("{9A19103F-16F7-4668-BE54-9A1E7A4F7556}") = "Grand.Business.Customers", "grandnode2\src\Business\Grand.Business.Customers\Grand.Business.Customers.csproj", "{975D7D0A-7278-4AB2-B13D-921F1794367D}"
EndProject
Project("{9A19103F-16F7-4668-BE54-9A1E7A4F7556}") = "Grand.Business.Marketing", "grandnode2\src\Business\Grand.Business.Marketing\Grand.Business.Marketing.csproj", "{4853DF12-9D13-48EE-92AE-15038EE6E605}"
EndProject
Project("{9A19103F-16F7-4668-BE54-9A1E7A4F7556}") = "Grand.Business.Messages", "grandnode2\src\Business\Grand.Business.Messages\Grand.Business.Messages.csproj", "{BA22F978-C23F-464C-A109-A23530B548C8}"
EndProject
Project("{9A19103F-16F7-4668-BE54-9A1E7A4F7556}") = "Grand.Business.Storage", "grandnode2\src\Business\Grand.Business.Storage\Grand.Business.Storage.csproj", "{0229BDBF-D27D-4CA0-87A1-81C24FF39797}"
EndProject
Project("{9A19103F-16F7-4668-BE54-9A1E7A4F7556}") = "Grand.Business.System", "grandnode2\src\Business\Grand.Business.System\Grand.Business.System.csproj", "{5F806025-5CE0-432C-BBA2-F4D6650B1221}"
EndProject
Project("{9A19103F-16F7-4668-BE54-9A1E7A4F7556}") = "Grand.Domain", "grandnode2\src\Core\Grand.Domain\Grand.Domain.csproj", "{760A711A-9ABD-459F-B96F-40A9A9617DEF}"
EndProject
Project("{9A19103F-16F7-4668-BE54-9A1E7A4F7556}") = "Grand.Infrastructure", "grandnode2\src\Core\Grand.Infrastructure\Grand.Infrastructure.csproj", "{B34662D3-FBC3-4E54-B61A-63FD986BC30F}"
EndProject
Project("{9A19103F-16F7-4668-BE54-9A1E7A4F7556}") = "Grand.SharedKernel", "grandnode2\src\Core\Grand.SharedKernel\Grand.SharedKernel.csproj", "{CE76ED88-7195-4081-9D0F-12EB0A991F40}"
EndProject
Project("{9A19103F-16F7-4668-BE54-9A1E7A4F7556}") = "Grand.Web", "grandnode2\src\Web\Grand.Web\Grand.Web.csproj", "{FB951475-5F72-4959-A81A-6A2EFA1E9CF8}"
EndProject
Project("{9A19103F-16F7-4668-BE54-9A1E7A4F7556}") = "Grand.Web.Admin", "grandnode2\src\Web\Grand.Web.Admin\Grand.Web.Admin.csproj", "{64893E6A-5FAC-4BEE-ACF9-EC66E9CB5B51}"
EndProject
Project("{9A19103F-16F7-4668-BE54-9A1E7A4F7556}") = "Grand.Web.Common", "grandnode2\src\Web\Grand.Web.Common\Grand.Web.Common.csproj", "{D95E2AF4-8CCA-4903-9945-DE6C69E3ABF0}"
EndProject
Global
	GlobalSection(SolutionConfigurationPlatforms) = preSolution
		Debug|Any CPU = Debug|Any CPU
		Release|Any CPU = Release|Any CPU
	EndGlobalSection
	GlobalSection(ProjectConfigurationPlatforms) = postSolution
		{B6301890-5E30-4429-8A92-F473974028F0}.Debug|Any CPU.ActiveCfg = Debug|Any CPU
		{B6301890-5E30-4429-8A92-F473974028F0}.Debug|Any CPU.Build.0 = Debug|Any CPU
		{B6301890-5E30-4429-8A92-F473974028F0}.Release|Any CPU.ActiveCfg = Release|Any CPU
		{B6301890-5E30-4429-8A92-F473974028F0}.Release|Any CPU.Build.0 = Release|Any CPU
		{02F11DCE-20A2-45DC-B0E5-B7A0A2A45D54}.Debug|Any CPU.ActiveCfg = Debug|Any CPU
		{02F11DCE-20A2-45DC-B0E5-B7A0A2A45D54}.Debug|Any CPU.Build.0 = Debug|Any CPU
		{02F11DCE-20A2-45DC-B0E5-B7A0A2A45D54}.Release|Any CPU.ActiveCfg = Release|Any CPU
		{02F11DCE-20A2-45DC-B0E5-B7A0A2A45D54}.Release|Any CPU.Build.0 = Release|Any CPU
		{B2277065-CDD2-403C-B966-2F9A819BC3A7}.Debug|Any CPU.ActiveCfg = Debug|Any CPU
		{B2277065-CDD2-403C-B966-2F9A819BC3A7}.Debug|Any CPU.Build.0 = Debug|Any CPU
		{B2277065-CDD2-403C-B966-2F9A819BC3A7}.Release|Any CPU.ActiveCfg = Release|Any CPU
		{B2277065-CDD2-403C-B966-2F9A819BC3A7}.Release|Any CPU.Build.0 = Release|Any CPU
		{03F2E0AD-C697-42D3-95C3-1AC544C16209}.Debug|Any CPU.ActiveCfg = Debug|Any CPU
		{03F2E0AD-C697-42D3-95C3-1AC544C16209}.Debug|Any CPU.Build.0 = Debug|Any CPU
		{03F2E0AD-C697-42D3-95C3-1AC544C16209}.Release|Any CPU.ActiveCfg = Release|Any CPU
		{03F2E0AD-C697-42D3-95C3-1AC544C16209}.Release|Any CPU.Build.0 = Release|Any CPU
		{6C708CBD-7A6F-444B-9C6A-C1BE38AB060D}.Debug|Any CPU.ActiveCfg = Debug|Any CPU
		{6C708CBD-7A6F-444B-9C6A-C1BE38AB060D}.Debug|Any CPU.Build.0 = Debug|Any CPU
		{6C708CBD-7A6F-444B-9C6A-C1BE38AB060D}.Release|Any CPU.ActiveCfg = Release|Any CPU
		{6C708CBD-7A6F-444B-9C6A-C1BE38AB060D}.Release|Any CPU.Build.0 = Release|Any CPU
		{247039E2-6C06-4068-834C-13468FFD27E0}.Debug|Any CPU.ActiveCfg = Debug|Any CPU
		{247039E2-6C06-4068-834C-13468FFD27E0}.Debug|Any CPU.Build.0 = Debug|Any CPU
		{247039E2-6C06-4068-834C-13468FFD27E0}.Release|Any CPU.ActiveCfg = Release|Any CPU
		{247039E2-6C06-4068-834C-13468FFD27E0}.Release|Any CPU.Build.0 = Release|Any CPU
		{88C6F38A-EA3D-43E4-B33F-A481A07CB4B8}.Debug|Any CPU.ActiveCfg = Debug|Any CPU
		{88C6F38A-EA3D-43E4-B33F-A481A07CB4B8}.Debug|Any CPU.Build.0 = Debug|Any CPU
		{88C6F38A-EA3D-43E4-B33F-A481A07CB4B8}.Release|Any CPU.ActiveCfg = Release|Any CPU
		{88C6F38A-EA3D-43E4-B33F-A481A07CB4B8}.Release|Any CPU.Build.0 = Release|Any CPU
		{DF1B8B6E-6A32-4A97-B999-385CACA1E2D0}.Debug|Any CPU.ActiveCfg = Debug|Any CPU
		{DF1B8B6E-6A32-4A97-B999-385CACA1E2D0}.Debug|Any CPU.Build.0 = Debug|Any CPU
		{DF1B8B6E-6A32-4A97-B999-385CACA1E2D0}.Release|Any CPU.ActiveCfg = Release|Any CPU
		{DF1B8B6E-6A32-4A97-B999-385CACA1E2D0}.Release|Any CPU.Build.0 = Release|Any CPU
		{95BC665E-5645-43D0-A5BF-BBC8D57CBBE0}.Debug|Any CPU.ActiveCfg = Debug|Any CPU
		{95BC665E-5645-43D0-A5BF-BBC8D57CBBE0}.Debug|Any CPU.Build.0 = Debug|Any CPU
		{95BC665E-5645-43D0-A5BF-BBC8D57CBBE0}.Release|Any CPU.ActiveCfg = Release|Any CPU
		{95BC665E-5645-43D0-A5BF-BBC8D57CBBE0}.Release|Any CPU.Build.0 = Release|Any CPU
		{BEA5A1E3-0269-42BD-A329-1AD38BEBC234}.Debug|Any CPU.ActiveCfg = Debug|Any CPU
		{BEA5A1E3-0269-42BD-A329-1AD38BEBC234}.Debug|Any CPU.Build.0 = Debug|Any CPU
		{BEA5A1E3-0269-42BD-A329-1AD38BEBC234}.Release|Any CPU.ActiveCfg = Release|Any CPU
		{BEA5A1E3-0269-42BD-A329-1AD38BEBC234}.Release|Any CPU.Build.0 = Release|Any CPU
		{975D7D0A-7278-4AB2-B13D-921F1794367D}.Debug|Any CPU.ActiveCfg = Debug|Any CPU
		{975D7D0A-7278-4AB2-B13D-921F1794367D}.Debug|Any CPU.Build.0 = Debug|Any CPU
		{975D7D0A-7278-4AB2-B13D-921F1794367D}.Release|Any CPU.ActiveCfg = Release|Any CPU
		{975D7D0A-7278-4AB2-B13D-921F1794367D}.Release|Any CPU.Build.0 = Release|Any CPU
		{4853DF12-9D13-48EE-92AE-15038EE6E605}.Debug|Any CPU.ActiveCfg = Debug|Any CPU
		{4853DF12-9D13-48EE-92AE-15038EE6E605}.Debug|Any CPU.Build.0 = Debug|Any CPU
		{4853DF12-9D13-48EE-92AE-15038EE6E605}.Release|Any CPU.ActiveCfg = Release|Any CPU
		{4853DF12-9D13-48EE-92AE-15038EE6E605}.Release|Any CPU.Build.0 = Release|Any CPU
		{BA22F978-C23F-464C-A109-A23530B548C8}.Debug|Any CPU.ActiveCfg = Debug|Any CPU
		{BA22F978-C23F-464C-A109-A23530B548C8}.Debug|Any CPU.Build.0 = Debug|Any CPU
		{BA22F978-C23F-464C-A109-A23530B548C8}.Release|Any CPU.ActiveCfg = Release|Any CPU
		{BA22F978-C23F-464C-A109-A23530B548C8}.Release|Any CPU.Build.0 = Release|Any CPU
		{0229BDBF-D27D-4CA0-87A1-81C24FF39797}.Debug|Any CPU.ActiveCfg = Debug|Any CPU
		{0229BDBF-D27D-4CA0-87A1-81C24FF39797}.Debug|Any CPU.Build.0 = Debug|Any CPU
		{0229BDBF-D27D-4CA0-87A1-81C24FF39797}.Release|Any CPU.ActiveCfg = Release|Any CPU
		{0229BDBF-D27D-4CA0-87A1-81C24FF39797}.Release|Any CPU.Build.0 = Release|Any CPU
		{5F806025-5CE0-432C-BBA2-F4D6650B1221}.Debug|Any CPU.ActiveCfg = Debug|Any CPU
		{5F806025-5CE0-432C-BBA2-F4D6650B1221}.Debug|Any CPU.Build.0 = Debug|Any CPU
		{5F806025-5CE0-432C-BBA2-F4D6650B1221}.Release|Any CPU.ActiveCfg = Release|Any CPU
		{5F806025-5CE0-432C-BBA2-F4D6650B1221}.Release|Any CPU.Build.0 = Release|Any CPU
		{760A711A-9ABD-459F-B96F-40A9A9617DEF}.Debug|Any CPU.ActiveCfg = Debug|Any CPU
		{760A711A-9ABD-459F-B96F-40A9A9617DEF}.Debug|Any CPU.Build.0 = Debug|Any CPU
		{760A711A-9ABD-459F-B96F-40A9A9617DEF}.Release|Any CPU.ActiveCfg = Release|Any CPU
		{760A711A-9ABD-459F-B96F-40A9A9617DEF}.Release|Any CPU.Build.0 = Release|Any CPU
		{B34662D3-FBC3-4E54-B61A-63FD986BC30F}.Debug|Any CPU.ActiveCfg = Debug|Any CPU
		{B34662D3-FBC3-4E54-B61A-63FD986BC30F}.Debug|Any CPU.Build.0 = Debug|Any CPU
		{B34662D3-FBC3-4E54-B61A-63FD986BC30F}.Release|Any CPU.ActiveCfg = Release|Any CPU
		{B34662D3-FBC3-4E54-B61A-63FD986BC30F}.Release|Any CPU.Build.0 = Release|Any CPU
		{CE76ED88-7195-4081-9D0F-12EB0A991F40}.Debug|Any CPU.ActiveCfg = Debug|Any CPU
		{CE76ED88-7195-4081-9D0F-12EB0A991F40}.Debug|Any CPU.Build.0 = Debug|Any CPU
		{CE76ED88-7195-4081-9D0F-12EB0A991F40}.Release|Any CPU.ActiveCfg = Release|Any CPU
		{CE76ED88-7195-4081-9D0F-12EB0A991F40}.Release|Any CPU.Build.0 = Release|Any CPU
		{FB951475-5F72-4959-A81A-6A2EFA1E9CF8}.Debug|Any CPU.ActiveCfg = Debug|Any CPU
		{FB951475-5F72-4959-A81A-6A2EFA1E9CF8}.Debug|Any CPU.Build.0 = Debug|Any CPU
		{FB951475-5F72-4959-A81A-6A2EFA1E9CF8}.Release|Any CPU.ActiveCfg = Release|Any CPU
		{FB951475-5F72-4959-A81A-6A2EFA1E9CF8}.Release|Any CPU.Build.0 = Release|Any CPU
		{64893E6A-5FAC-4BEE-ACF9-EC66E9CB5B51}.Debug|Any CPU.ActiveCfg = Debug|Any CPU
		{64893E6A-5FAC-4BEE-ACF9-EC66E9CB5B51}.Debug|Any CPU.Build.0 = Debug|Any CPU
		{64893E6A-5FAC-4BEE-ACF9-EC66E9CB5B51}.Release|Any CPU.ActiveCfg = Release|Any CPU
		{64893E6A-5FAC-4BEE-ACF9-EC66E9CB5B51}.Release|Any CPU.Build.0 = Release|Any CPU
		{D95E2AF4-8CCA-4903-9945-DE6C69E3ABF0}.Debug|Any CPU.ActiveCfg = Debug|Any CPU
		{D95E2AF4-8CCA-4903-9945-DE6C69E3ABF0}.Debug|Any CPU.Build.0 = Debug|Any CPU
		{D95E2AF4-8CCA-4903-9945-DE6C69E3ABF0}.Release|Any CPU.ActiveCfg = Release|Any CPU
		{D95E2AF4-8CCA-4903-9945-DE6C69E3ABF0}.Release|Any CPU.Build.0 = Release|Any CPU
	EndGlobalSection
	GlobalSection(SolutionProperties) = preSolution
		HideSolutionNode = FALSE
	EndGlobalSection
	GlobalSection(NestedProjects) = preSolution
		{B6301890-5E30-4429-8A92-F473974028F0} = {F2418F56-9620-4BA3-9078-D9732EC8DD48}
		{02F11DCE-20A2-45DC-B0E5-B7A0A2A45D54} = {F2418F56-9620-4BA3-9078-D9732EC8DD48}
		{B2277065-CDD2-403C-B966-2F9A819BC3A7} = {E4C90039-CE04-42BB-B58D-DDA45C605F68}
		{87BEE6D8-AFA0-4605-B98A-6F629540171C} = {DA5B3EB4-6634-4364-AD87-B8E9D6BE884F}
		{859A41C8-A352-49D3-9D44-C925A32E38E9} = {DA5B3EB4-6634-4364-AD87-B8E9D6BE884F}
		{61261DC6-2E6D-4C77-B838-FD5C6DECC168} = {DA5B3EB4-6634-4364-AD87-B8E9D6BE884F}
		{FAB18F2B-ED02-43C3-9B46-9F92E2169C51} = {DA5B3EB4-6634-4364-AD87-B8E9D6BE884F}
		{03F2E0AD-C697-42D3-95C3-1AC544C16209} = {87BEE6D8-AFA0-4605-B98A-6F629540171C}
		{6C708CBD-7A6F-444B-9C6A-C1BE38AB060D} = {859A41C8-A352-49D3-9D44-C925A32E38E9}
		{247039E2-6C06-4068-834C-13468FFD27E0} = {859A41C8-A352-49D3-9D44-C925A32E38E9}
		{88C6F38A-EA3D-43E4-B33F-A481A07CB4B8} = {859A41C8-A352-49D3-9D44-C925A32E38E9}
		{DF1B8B6E-6A32-4A97-B999-385CACA1E2D0} = {859A41C8-A352-49D3-9D44-C925A32E38E9}
		{95BC665E-5645-43D0-A5BF-BBC8D57CBBE0} = {859A41C8-A352-49D3-9D44-C925A32E38E9}
		{BEA5A1E3-0269-42BD-A329-1AD38BEBC234} = {859A41C8-A352-49D3-9D44-C925A32E38E9}
		{975D7D0A-7278-4AB2-B13D-921F1794367D} = {859A41C8-A352-49D3-9D44-C925A32E38E9}
		{4853DF12-9D13-48EE-92AE-15038EE6E605} = {859A41C8-A352-49D3-9D44-C925A32E38E9}
		{BA22F978-C23F-464C-A109-A23530B548C8} = {859A41C8-A352-49D3-9D44-C925A32E38E9}
		{0229BDBF-D27D-4CA0-87A1-81C24FF39797} = {859A41C8-A352-49D3-9D44-C925A32E38E9}
		{5F806025-5CE0-432C-BBA2-F4D6650B1221} = {859A41C8-A352-49D3-9D44-C925A32E38E9}
		{760A711A-9ABD-459F-B96F-40A9A9617DEF} = {61261DC6-2E6D-4C77-B838-FD5C6DECC168}
		{B34662D3-FBC3-4E54-B61A-63FD986BC30F} = {61261DC6-2E6D-4C77-B838-FD5C6DECC168}
		{CE76ED88-7195-4081-9D0F-12EB0A991F40} = {61261DC6-2E6D-4C77-B838-FD5C6DECC168}
		{FB951475-5F72-4959-A81A-6A2EFA1E9CF8} = {FAB18F2B-ED02-43C3-9B46-9F92E2169C51}
		{64893E6A-5FAC-4BEE-ACF9-EC66E9CB5B51} = {FAB18F2B-ED02-43C3-9B46-9F92E2169C51}
		{D95E2AF4-8CCA-4903-9945-DE6C69E3ABF0} = {FAB18F2B-ED02-43C3-9B46-9F92E2169C51}
	EndGlobalSection
	GlobalSection(ExtensibilityGlobals) = postSolution
		SolutionGuid = {65BA1180-F5CC-42E1-B689-71E14D588393}
	EndGlobalSection
EndGlobal
